
Microsoft Visual Studio Solution File, Format Version 12.00
# Visual Studio Version 17
VisualStudioVersion = 17.8.34309.116
MinimumVisualStudioVersion = 10.0.40219.1
Project("{FAE04EC0-301F-11D3-BF4B-00C04F79EFBC}") = "ThreadPractice", "ThreadPractice.csproj", "{0FA67888-CCAF-4EE7-A5F6-D2A8C68874BB}"
EndProject
Global
	GlobalSection(SolutionConfigurationPlatforms) = preSolution
		Debug|Any CPU = Debug|Any CPU
		Release|Any CPU = Release|Any CPU
	EndGlobalSection
	GlobalSection(ProjectConfigurationPlatforms) = postSolution
		{0FA67888-CCAF-4EE7-A5F6-D2A8C68874BB}.Debug|Any CPU.ActiveCfg = Debug|Any CPU
		{0FA67888-CCAF-4EE7-A5F6-D2A8C68874BB}.Debug|Any CPU.Build.0 = Debug|Any CPU
		{0FA67888-CCAF-4EE7-A5F6-D2A8C68874BB}.Release|Any CPU.ActiveCfg = Release|Any CPU
		{0FA67888-CCAF-4EE7-A5F6-D2A8C68874BB}.Release|Any CPU.Build.0 = Release|Any CPU
	EndGlobalSection
	GlobalSection(SolutionProperties) = preSolution
		HideSolutionNode = FALSE
	EndGlobalSection
	GlobalSection(ExtensibilityGlobals) = postSolution
		SolutionGuid = {838CDB4D-09AE-4900-BEB7-E0C0FB955CEA}
	EndGlobalSection
EndGlobal
