
Microsoft Visual Studio Solution File, Format Version 12.00
# Visual Studio Version 17
VisualStudioVersion = 17.8.34309.116
MinimumVisualStudioVersion = 10.0.40219.1
Project("{FAE04EC0-301F-11D3-BF4B-00C04F79EFBC}") = "FileSystemDemo", "FileSystemDemo.csproj", "{13DDC0EC-D5AC-4384-8FBB-B3C3B63EDAC1}"
EndProject
Global
	GlobalSection(SolutionConfigurationPlatforms) = preSolution
		Debug|Any CPU = Debug|Any CPU
		Release|Any CPU = Release|Any CPU
	EndGlobalSection
	GlobalSection(ProjectConfigurationPlatforms) = postSolution
		{13DDC0EC-D5AC-4384-8FBB-B3C3B63EDAC1}.Debug|Any CPU.ActiveCfg = Debug|Any CPU
		{13DDC0EC-D5AC-4384-8FBB-B3C3B63EDAC1}.Debug|Any CPU.Build.0 = Debug|Any CPU
		{13DDC0EC-D5AC-4384-8FBB-B3C3B63EDAC1}.Release|Any CPU.ActiveCfg = Release|Any CPU
		{13DDC0EC-D5AC-4384-8FBB-B3C3B63EDAC1}.Release|Any CPU.Build.0 = Release|Any CPU
	EndGlobalSection
	GlobalSection(SolutionProperties) = preSolution
		HideSolutionNode = FALSE
	EndGlobalSection
	GlobalSection(ExtensibilityGlobals) = postSolution
		SolutionGuid = {6C2D775C-0C69-4574-9124-09700CCCC86D}
	EndGlobalSection
EndGlobal
