
Microsoft Visual Studio Solution File, Format Version 12.00
# Visual Studio Version 17
VisualStudioVersion = 17.8.34309.116
MinimumVisualStudioVersion = 10.0.40219.1
Project("{FAE04EC0-301F-11D3-BF4B-00C04F79EFBC}") = "LINQPractice", "LINQPractice.csproj", "{89B08CA5-98DC-4B37-89D4-9F073405BDA0}"
EndProject
Global
	GlobalSection(SolutionConfigurationPlatforms) = preSolution
		Debug|Any CPU = Debug|Any CPU
		Release|Any CPU = Release|Any CPU
	EndGlobalSection
	GlobalSection(ProjectConfigurationPlatforms) = postSolution
		{89B08CA5-98DC-4B37-89D4-9F073405BDA0}.Debug|Any CPU.ActiveCfg = Debug|Any CPU
		{89B08CA5-98DC-4B37-89D4-9F073405BDA0}.Debug|Any CPU.Build.0 = Debug|Any CPU
		{89B08CA5-98DC-4B37-89D4-9F073405BDA0}.Release|Any CPU.ActiveCfg = Release|Any CPU
		{89B08CA5-98DC-4B37-89D4-9F073405BDA0}.Release|Any CPU.Build.0 = Release|Any CPU
	EndGlobalSection
	GlobalSection(SolutionProperties) = preSolution
		HideSolutionNode = FALSE
	EndGlobalSection
	GlobalSection(ExtensibilityGlobals) = postSolution
		SolutionGuid = {A62D2F7F-EF32-4556-9792-B54917926C6E}
	EndGlobalSection
EndGlobal
