
Microsoft Visual Studio Solution File, Format Version 12.00
# Visual Studio Version 17
VisualStudioVersion = 17.8.34309.116
MinimumVisualStudioVersion = 10.0.40219.1
Project("{FAE04EC0-301F-11D3-BF4B-00C04F79EFBC}") = "MenuDemo", "MenuDemo.csproj", "{73F4AB7E-F8B2-45CE-8D95-27A8F558E11F}"
EndProject
Global
	GlobalSection(SolutionConfigurationPlatforms) = preSolution
		Debug|Any CPU = Debug|Any CPU
		Release|Any CPU = Release|Any CPU
	EndGlobalSection
	GlobalSection(ProjectConfigurationPlatforms) = postSolution
		{73F4AB7E-F8B2-45CE-8D95-27A8F558E11F}.Debug|Any CPU.ActiveCfg = Debug|Any CPU
		{73F4AB7E-F8B2-45CE-8D95-27A8F558E11F}.Debug|Any CPU.Build.0 = Debug|Any CPU
		{73F4AB7E-F8B2-45CE-8D95-27A8F558E11F}.Release|Any CPU.ActiveCfg = Release|Any CPU
		{73F4AB7E-F8B2-45CE-8D95-27A8F558E11F}.Release|Any CPU.Build.0 = Release|Any CPU
	EndGlobalSection
	GlobalSection(SolutionProperties) = preSolution
		HideSolutionNode = FALSE
	EndGlobalSection
	GlobalSection(ExtensibilityGlobals) = postSolution
		SolutionGuid = {F2AB3953-CDBA-438D-9B2D-0F70E7719361}
	EndGlobalSection
EndGlobal
