
Microsoft Visual Studio Solution File, Format Version 12.00
# Visual Studio Version 17
VisualStudioVersion = 17.8.34309.116
MinimumVisualStudioVersion = 10.0.40219.1
Project("{FAE04EC0-301F-11D3-BF4B-00C04F79EFBC}") = "OOCore1", "OOCore1.csproj", "{EE623FD4-2CBB-4981-A8F2-3D7365D8DB76}"
EndProject
Global
	GlobalSection(SolutionConfigurationPlatforms) = preSolution
		Debug|Any CPU = Debug|Any CPU
		Release|Any CPU = Release|Any CPU
	EndGlobalSection
	GlobalSection(ProjectConfigurationPlatforms) = postSolution
		{EE623FD4-2CBB-4981-A8F2-3D7365D8DB76}.Debug|Any CPU.ActiveCfg = Debug|Any CPU
		{EE623FD4-2CBB-4981-A8F2-3D7365D8DB76}.Debug|Any CPU.Build.0 = Debug|Any CPU
		{EE623FD4-2CBB-4981-A8F2-3D7365D8DB76}.Release|Any CPU.ActiveCfg = Release|Any CPU
		{EE623FD4-2CBB-4981-A8F2-3D7365D8DB76}.Release|Any CPU.Build.0 = Release|Any CPU
	EndGlobalSection
	GlobalSection(SolutionProperties) = preSolution
		HideSolutionNode = FALSE
	EndGlobalSection
	GlobalSection(ExtensibilityGlobals) = postSolution
		SolutionGuid = {8CB7521C-5324-4105-9BC3-7E0FA96BC317}
	EndGlobalSection
EndGlobal
